
Microsoft Visual Studio Solution File, Format Version 12.00
# Visual Studio 15
VisualStudioVersion = 15.0.28307.902
MinimumVisualStudioVersion = 10.0.40219.1
Project("{FAE04EC0-301F-11D3-BF4B-00C04F79EFBC}") = "mvc_ef_codefirst_sample", "mvc_ef_codefirst_sample\mvc_ef_codefirst_sample.csproj", "{7DA5D2DC-ADC0-4371-8764-32800F824542}"
EndProject
Global
	GlobalSection(SolutionConfigurationPlatforms) = preSolution
		Debug|Any CPU = Debug|Any CPU
		Release|Any CPU = Release|Any CPU
	EndGlobalSection
	GlobalSection(ProjectConfigurationPlatforms) = postSolution
		{7DA5D2DC-ADC0-4371-8764-32800F824542}.Debug|Any CPU.ActiveCfg = Debug|Any CPU
		{7DA5D2DC-ADC0-4371-8764-32800F824542}.Debug|Any CPU.Build.0 = Debug|Any CPU
		{7DA5D2DC-ADC0-4371-8764-32800F824542}.Release|Any CPU.ActiveCfg = Release|Any CPU
		{7DA5D2DC-ADC0-4371-8764-32800F824542}.Release|Any CPU.Build.0 = Release|Any CPU
	EndGlobalSection
	GlobalSection(SolutionProperties) = preSolution
		HideSolutionNode = FALSE
	EndGlobalSection
	GlobalSection(ExtensibilityGlobals) = postSolution
		SolutionGuid = {72E42F27-D635-4622-BBF3-C1D5F001A421}
	EndGlobalSection
EndGlobal
